// !$*UTF8*$!
{
	archiveVersion = 1;
	classes = {
	};
	objectVersion = 46;
	objects = {

/* Begin PBXBuildFile section */
		15AF51722F49B55C50D0E2B4 /* Pods.framework in Frameworks */ = {isa = PBXBuildFile; fileRef = 560222D20FE1E859A58CFA55 /* Pods.framework */; };
		423BEE101C789A2300D168FF /* AppDelegate.swift in Sources */ = {isa = PBXBuildFile; fileRef = 423BEE0F1C789A2300D168FF /* AppDelegate.swift */; };
		423BEE121C789A2300D168FF /* ViewController.swift in Sources */ = {isa = PBXBuildFile; fileRef = 423BEE111C789A2300D168FF /* ViewController.swift */; };
		423BEE151C789A2300D168FF /* Main.storyboard in Resources */ = {isa = PBXBuildFile; fileRef = 423BEE131C789A2300D168FF /* Main.storyboard */; };
		423BEE171C789A2300D168FF /* Assets.xcassets in Resources */ = {isa = PBXBuildFile; fileRef = 423BEE161C789A2300D168FF /* Assets.xcassets */; };
		423BEE1A1C789A2300D168FF /* LaunchScreen.storyboard in Resources */ = {isa = PBXBuildFile; fileRef = 423BEE181C789A2300D168FF /* LaunchScreen.storyboard */; };
		423BEE221C789BFB00D168FF /* leftCell.swift in Sources */ = {isa = PBXBuildFile; fileRef = 423BEE211C789BFB00D168FF /* leftCell.swift */; };
		423BEE241C789C1300D168FF /* rightCell.swift in Sources */ = {isa = PBXBuildFile; fileRef = 423BEE231C789C1300D168FF /* rightCell.swift */; };
		423BEE261C78A22200D168FF /* Message.swift in Sources */ = {isa = PBXBuildFile; fileRef = 423BEE251C78A22200D168FF /* Message.swift */; };
		423BEE281C78BBE800D168FF /* comic.png in Resources */ = {isa = PBXBuildFile; fileRef = 423BEE271C78BBE800D168FF /* comic.png */; };
/* End PBXBuildFile section */

/* Begin PBXFileReference section */
		1D085F2600C93FB976DBD36D /* Pods.debug.xcconfig */ = {isa = PBXFileReference; includeInIndex = 1; lastKnownFileType = text.xcconfig; name = Pods.debug.xcconfig; path = "Pods/Target Support Files/Pods/Pods.debug.xcconfig"; sourceTree = "<group>"; };
		423BEE0C1C789A2300D168FF /* Chatalyst.app */ = {isa = PBXFileReference; explicitFileType = wrapper.application; includeInIndex = 0; path = Chatalyst.app; sourceTree = BUILT_PRODUCTS_DIR; };
		423BEE0F1C789A2300D168FF /* AppDelegate.swift */ = {isa = PBXFileReference; lastKnownFileType = sourcecode.swift; path = AppDelegate.swift; sourceTree = "<group>"; };
		423BEE111C789A2300D168FF /* ViewController.swift */ = {isa = PBXFileReference; lastKnownFileType = sourcecode.swift; path = ViewController.swift; sourceTree = "<group>"; };
		423BEE141C789A2300D168FF /* Base */ = {isa = PBXFileReference; lastKnownFileType = file.storyboard; name = Base; path = Base.lproj/Main.storyboard; sourceTree = "<group>"; };
		423BEE161C789A2300D168FF /* Assets.xcassets */ = {isa = PBXFileReference; lastKnownFileType = folder.assetcatalog; path = Assets.xcassets; sourceTree = "<group>"; };
		423BEE191C789A2300D168FF /* Base */ = {isa = PBXFileReference; lastKnownFileType = file.storyboard; name = Base; path = Base.lproj/LaunchScreen.storyboard; sourceTree = "<group>"; };
		423BEE1B1C789A2300D168FF /* Info.plist */ = {isa = PBXFileReference; lastKnownFileType = text.plist.xml; path = Info.plist; sourceTree = "<group>"; };
		423BEE211C789BFB00D168FF /* leftCell.swift */ = {isa = PBXFileReference; fileEncoding = 4; lastKnownFileType = sourcecode.swift; path = leftCell.swift; sourceTree = "<group>"; };
		423BEE231C789C1300D168FF /* rightCell.swift */ = {isa = PBXFileReference; fileEncoding = 4; lastKnownFileType = sourcecode.swift; path = rightCell.swift; sourceTree = "<group>"; };
		423BEE251C78A22200D168FF /* Message.swift */ = {isa = PBXFileReference; fileEncoding = 4; lastKnownFileType = sourcecode.swift; path = Message.swift; sourceTree = "<group>"; };
		423BEE271C78BBE800D168FF /* comic.png */ = {isa = PBXFileReference; lastKnownFileType = image.png; path = comic.png; sourceTree = "<group>"; };
		560222D20FE1E859A58CFA55 /* Pods.framework */ = {isa = PBXFileReference; explicitFileType = wrapper.framework; includeInIndex = 0; path = Pods.framework; sourceTree = BUILT_PRODUCTS_DIR; };
		646AB0A119F0F66EABB04C56 /* Pods.release.xcconfig */ = {isa = PBXFileReference; includeInIndex = 1; lastKnownFileType = text.xcconfig; name = Pods.release.xcconfig; path = "Pods/Target Support Files/Pods/Pods.release.xcconfig"; sourceTree = "<group>"; };
/* End PBXFileReference section */

/* Begin PBXFrameworksBuildPhase section */
		423BEE091C789A2300D168FF /* Frameworks */ = {
			isa = PBXFrameworksBuildPhase;
			buildActionMask = 2147483647;
			files = (
				15AF51722F49B55C50D0E2B4 /* Pods.framework in Frameworks */,
			);
			runOnlyForDeploymentPostprocessing = 0;
		};
/* End PBXFrameworksBuildPhase section */

/* Begin PBXGroup section */
		3880A75B2E548CC59D8A35B9 /* Pods */ = {
			isa = PBXGroup;
			children = (
				1D085F2600C93FB976DBD36D /* Pods.debug.xcconfig */,
				646AB0A119F0F66EABB04C56 /* Pods.release.xcconfig */,
			);
			name = Pods;
			sourceTree = "<group>";
		};
		423BEE031C789A2300D168FF = {
			isa = PBXGroup;
			children = (
				423BEE0E1C789A2300D168FF /* Chatalyst */,
				423BEE0D1C789A2300D168FF /* Products */,
				3880A75B2E548CC59D8A35B9 /* Pods */,
				56B8BC36B38197341879F0E7 /* Frameworks */,
			);
			sourceTree = "<group>";
		};
		423BEE0D1C789A2300D168FF /* Products */ = {
			isa = PBXGroup;
			children = (
				423BEE0C1C789A2300D168FF /* Chatalyst.app */,
			);
			name = Products;
			sourceTree = "<group>";
		};
		423BEE0E1C789A2300D168FF /* Chatalyst */ = {
			isa = PBXGroup;
			children = (
				423BEE0F1C789A2300D168FF /* AppDelegate.swift */,
				423BEE111C789A2300D168FF /* ViewController.swift */,
				423BEE271C78BBE800D168FF /* comic.png */,
				423BEE131C789A2300D168FF /* Main.storyboard */,
				423BEE251C78A22200D168FF /* Message.swift */,
				423BEE211C789BFB00D168FF /* leftCell.swift */,
				423BEE231C789C1300D168FF /* rightCell.swift */,
				423BEE161C789A2300D168FF /* Assets.xcassets */,
				423BEE181C789A2300D168FF /* LaunchScreen.storyboard */,
				423BEE1B1C789A2300D168FF /* Info.plist */,
			);
			path = Chatalyst;
			sourceTree = "<group>";
		};
		56B8BC36B38197341879F0E7 /* Frameworks */ = {
			isa = PBXGroup;
			children = (
				560222D20FE1E859A58CFA55 /* Pods.framework */,
			);
			name = Frameworks;
			sourceTree = "<group>";
		};
/* End PBXGroup section */

/* Begin PBXNativeTarget section */
		423BEE0B1C789A2300D168FF /* Chatalyst */ = {
			isa = PBXNativeTarget;
			buildConfigurationList = 423BEE1E1C789A2300D168FF /* Build configuration list for PBXNativeTarget "Chatalyst" */;
			buildPhases = (
				7C116C3B943E43EE11839BE0 /* Check Pods Manifest.lock */,
				423BEE081C789A2300D168FF /* Sources */,
				423BEE091C789A2300D168FF /* Frameworks */,
				423BEE0A1C789A2300D168FF /* Resources */,
				02299EF00F26E7E72902E14D /* Embed Pods Frameworks */,
				2585EC589CE6706EEC1FA711 /* Copy Pods Resources */,
			);
			buildRules = (
			);
			dependencies = (
			);
			name = Chatalyst;
			productName = Chatalyst;
			productReference = 423BEE0C1C789A2300D168FF /* Chatalyst.app */;
			productType = "com.apple.product-type.application";
		};
/* End PBXNativeTarget section */

/* Begin PBXProject section */
		423BEE041C789A2300D168FF /* Project object */ = {
			isa = PBXProject;
			attributes = {
				LastSwiftUpdateCheck = 0720;
				LastUpgradeCheck = 0720;
				ORGANIZATIONNAME = "Robin Malhotra";
				TargetAttributes = {
					423BEE0B1C789A2300D168FF = {
						CreatedOnToolsVersion = 7.2;
					};
				};
			};
			buildConfigurationList = 423BEE071C789A2300D168FF /* Build configuration list for PBXProject "Chatalyst" */;
			compatibilityVersion = "Xcode 3.2";
			developmentRegion = English;
			hasScannedForEncodings = 0;
			knownRegions = (
				en,
				Base,
			);
			mainGroup = 423BEE031C789A2300D168FF;
			productRefGroup = 423BEE0D1C789A2300D168FF /* Products */;
			projectDirPath = "";
			projectRoot = "";
			targets = (
				423BEE0B1C789A2300D168FF /* Chatalyst */,
			);
		};
/* End PBXProject section */

/* Begin PBXResourcesBuildPhase section */
		423BEE0A1C789A2300D168FF /* Resources */ = {
			isa = PBXResourcesBuildPhase;
			buildActionMask = 2147483647;
			files = (
				423BEE1A1C789A2300D168FF /* LaunchScreen.storyboard in Resources */,
				423BEE171C789A2300D168FF /* Assets.xcassets in Resources */,
				423BEE151C789A2300D168FF /* Main.storyboard in Resources */,
				423BEE281C78BBE800D168FF /* comic.png in Resources */,
			);
			runOnlyForDeploymentPostprocessing = 0;
		};
/* End PBXResourcesBuildPhase section */

/* Begin PBXShellScriptBuildPhase section */
		02299EF00F26E7E72902E14D /* Embed Pods Frameworks */ = {
			isa = PBXShellScriptBuildPhase;
			buildActionMask = 2147483647;
			files = (
			);
			inputPaths = (
			);
			name = "Embed Pods Frameworks";
			outputPaths = (
			);
			runOnlyForDeploymentPostprocessing = 0;
			shellPath = /bin/sh;
			shellScript = "\"${SRCROOT}/Pods/Target Support Files/Pods/Pods-frameworks.sh\"\n";
			showEnvVarsInLog = 0;
		};
		2585EC589CE6706EEC1FA711 /* Copy Pods Resources */ = {
			isa = PBXShellScriptBuildPhase;
			buildActionMask = 2147483647;
			files = (
			);
			inputPaths = (
			);
			name = "Copy Pods Resources";
			outputPaths = (
			);
			runOnlyForDeploymentPostprocessing = 0;
			shellPath = /bin/sh;
			shellScript = "\"${SRCROOT}/Pods/Target Support Files/Pods/Pods-resources.sh\"\n";
			showEnvVarsInLog = 0;
		};
		7C116C3B943E43EE11839BE0 /* Check Pods Manifest.lock */ = {
			isa = PBXShellScriptBuildPhase;
			buildActionMask = 2147483647;
			files = (
			);
			inputPaths = (
			);
			name = "Check Pods Manifest.lock";
			outputPaths = (
			);
			runOnlyForDeploymentPostprocessing = 0;
			shellPath = /bin/sh;
			shellScript = "diff \"${PODS_ROOT}/../Podfile.lock\" \"${PODS_ROOT}/Manifest.lock\" > /dev/null\nif [[ $? != 0 ]] ; then\n    cat << EOM\nerror: The sandbox is not in sync with the Podfile.lock. Run 'pod install' or update your CocoaPods installation.\nEOM\n    exit 1\nfi\n";
			showEnvVarsInLog = 0;
		};
/* End PBXShellScriptBuildPhase section */

/* Begin PBXSourcesBuildPhase section */
		423BEE081C789A2300D168FF /* Sources */ = {
			isa = PBXSourcesBuildPhase;
			buildActionMask = 2147483647;
			files = (
				423BEE241C789C1300D168FF /* rightCell.swift in Sources */,
				423BEE121C789A2300D168FF /* ViewController.swift in Sources */,
				423BEE261C78A22200D168FF /* Message.swift in Sources */,
				423BEE101C789A2300D168FF /* AppDelegate.swift in Sources */,
				423BEE221C789BFB00D168FF /* leftCell.swift in Sources */,
			);
			runOnlyForDeploymentPostprocessing = 0;
		};
/* End PBXSourcesBuildPhase section */

/* Begin PBXVariantGroup section */
		423BEE131C789A2300D168FF /* Main.storyboard */ = {
			isa = PBXVariantGroup;
			children = (
				423BEE141C789A2300D168FF /* Base */,
			);
			name = Main.storyboard;
			sourceTree = "<group>";
		};
		423BEE181C789A2300D168FF /* LaunchScreen.storyboard */ = {
			isa = PBXVariantGroup;
			children = (
				423BEE191C789A2300D168FF /* Base */,
			);
			name = LaunchScreen.storyboard;
			sourceTree = "<group>";
		};
/* End PBXVariantGroup section */

/* Begin XCBuildConfiguration section */
		423BEE1C1C789A2300D168FF /* Debug */ = {
			isa = XCBuildConfiguration;
			buildSettings = {
				ALWAYS_SEARCH_USER_PATHS = NO;
				CLANG_CXX_LANGUAGE_STANDARD = "gnu++0x";
				CLANG_CXX_LIBRARY = "libc++";
				CLANG_ENABLE_MODULES = YES;
				CLANG_ENABLE_OBJC_ARC = YES;
				CLANG_WARN_BOOL_CONVERSION = YES;
				CLANG_WARN_CONSTANT_CONVERSION = YES;
				CLANG_WARN_DIRECT_OBJC_ISA_USAGE = YES_ERROR;
				CLANG_WARN_EMPTY_BODY = YES;
				CLANG_WARN_ENUM_CONVERSION = YES;
				CLANG_WARN_INT_CONVERSION = YES;
				CLANG_WARN_OBJC_ROOT_CLASS = YES_ERROR;
				CLANG_WARN_UNREACHABLE_CODE = YES;
				CLANG_WARN__DUPLICATE_METHOD_MATCH = YES;
				"CODE_SIGN_IDENTITY[sdk=iphoneos*]" = "iPhone Developer";
				COPY_PHASE_STRIP = NO;
				DEBUG_INFORMATION_FORMAT = dwarf;
				ENABLE_STRICT_OBJC_MSGSEND = YES;
				ENABLE_TESTABILITY = YES;
				GCC_C_LANGUAGE_STANDARD = gnu99;
				GCC_DYNAMIC_NO_PIC = NO;
				GCC_NO_COMMON_BLOCKS = YES;
				GCC_OPTIMIZATION_LEVEL = 0;
				GCC_PREPROCESSOR_DEFINITIONS = (
					"DEBUG=1",
					"$(inherited)",
				);
				GCC_WARN_64_TO_32_BIT_CONVERSION = YES;
				GCC_WARN_ABOUT_RETURN_TYPE = YES_ERROR;
				GCC_WARN_UNDECLARED_SELECTOR = YES;
				GCC_WARN_UNINITIALIZED_AUTOS = YES_AGGRESSIVE;
				GCC_WARN_UNUSED_FUNCTION = YES;
				GCC_WARN_UNUSED_VARIABLE = YES;
				IPHONEOS_DEPLOYMENT_TARGET = 9.2;
				MTL_ENABLE_DEBUG_INFO = YES;
				ONLY_ACTIVE_ARCH = YES;
				SDKROOT = iphoneos;
				SWIFT_OPTIMIZATION_LEVEL = "-Onone";
			};
			name = Debug;
		};
		423BEE1D1C789A2300D168FF /* Release */ = {
			isa = XCBuildConfiguration;
			buildSettings = {
				ALWAYS_SEARCH_USER_PATHS = NO;
				CLANG_CXX_LANGUAGE_STANDARD = "gnu++0x";
				CLANG_CXX_LIBRARY = "libc++";
				CLANG_ENABLE_MODULES = YES;
				CLANG_ENABLE_OBJC_ARC = YES;
				CLANG_WARN_BOOL_CONVERSION = YES;
				CLANG_WARN_CONSTANT_CONVERSION = YES;
				CLANG_WARN_DIRECT_OBJC_ISA_USAGE = YES_ERROR;
				CLANG_WARN_EMPTY_BODY = YES;
				CLANG_WARN_ENUM_CONVERSION = YES;
				CLANG_WARN_INT_CONVERSION = YES;
				CLANG_WARN_OBJC_ROOT_CLASS = YES_ERROR;
				CLANG_WARN_UNREACHABLE_CODE = YES;
				CLANG_WARN__DUPLICATE_METHOD_MATCH = YES;
				"CODE_SIGN_IDENTITY[sdk=iphoneos*]" = "iPhone Developer";
				COPY_PHASE_STRIP = NO;
				DEBUG_INFORMATION_FORMAT = "dwarf-with-dsym";
				ENABLE_NS_ASSERTIONS = NO;
				ENABLE_STRICT_OBJC_MSGSEND = YES;
				GCC_C_LANGUAGE_STANDARD = gnu99;
				GCC_NO_COMMON_BLOCKS = YES;
				GCC_WARN_64_TO_32_BIT_CONVERSION = YES;
				GCC_WARN_ABOUT_RETURN_TYPE = YES_ERROR;
				GCC_WARN_UNDECLARED_SELECTOR = YES;
				GCC_WARN_UNINITIALIZED_AUTOS = YES_AGGRESSIVE;
				GCC_WARN_UNUSED_FUNCTION = YES;
				GCC_WARN_UNUSED_VARIABLE = YES;
				IPHONEOS_DEPLOYMENT_TARGET = 9.2;
				MTL_ENABLE_DEBUG_INFO = NO;
				SDKROOT = iphoneos;
				VALIDATE_PRODUCT = YES;
			};
			name = Release;
		};
		423BEE1F1C789A2300D168FF /* Debug */ = {
			isa = XCBuildConfiguration;
			baseConfigurationReference = 1D085F2600C93FB976DBD36D /* Pods.debug.xcconfig */;
			buildSettings = {
				ASSETCATALOG_COMPILER_APPICON_NAME = AppIcon;
				INFOPLIST_FILE = Chatalyst/Info.plist;
				LD_RUNPATH_SEARCH_PATHS = "$(inherited) @executable_path/Frameworks";
				PRODUCT_BUNDLE_IDENTIFIER = codeOfRobin.Chatalyst;
				PRODUCT_NAME = "$(TARGET_NAME)";
			};
			name = Debug;
		};
		423BEE201C789A2300D168FF /* Release */ = {
			isa = XCBuildConfiguration;
			baseConfigurationReference = 646AB0A119F0F66EABB04C56 /* Pods.release.xcconfig */;
			buildSettings = {
				ASSETCATALOG_COMPILER_APPICON_NAME = AppIcon;
				INFOPLIST_FILE = Chatalyst/Info.plist;
				LD_RUNPATH_SEARCH_PATHS = "$(inherited) @executable_path/Frameworks";
				PRODUCT_BUNDLE_IDENTIFIER = codeOfRobin.Chatalyst;
				PRODUCT_NAME = "$(TARGET_NAME)";
			};
			name = Release;
		};
/* End XCBuildConfiguration section */

/* Begin XCConfigurationList section */
		423BEE071C789A2300D168FF /* Build configuration list for PBXProject "Chatalyst" */ = {
			isa = XCConfigurationList;
			buildConfigurations = (
				423BEE1C1C789A2300D168FF /* Debug */,
				423BEE1D1C789A2300D168FF /* Release */,
			);
			defaultConfigurationIsVisible = 0;
			defaultConfigurationName = Release;
		};
		423BEE1E1C789A2300D168FF /* Build configuration list for PBXNativeTarget "Chatalyst" */ = {
			isa = XCConfigurationList;
			buildConfigurations = (
				423BEE1F1C789A2300D168FF /* Debug */,
				423BEE201C789A2300D168FF /* Release */,
			);
			defaultConfigurationIsVisible = 0;
			defaultConfigurationName = Release;
		};
/* End XCConfigurationList section */
	};
	rootObject = 423BEE041C789A2300D168FF /* Project object */;
}
